// !$*UTF8*$!
{
	archiveVersion = 1;
	classes = {
	};
	objectVersion = 56;
	objects = {

/* Begin PBXBuildFile section */
		34A57CC92B94936F0021F5A6 /* RealityKitContent in Frameworks */ = {isa = PBXBuildFile; productRef = 34A57CC82B94936F0021F5A6 /* RealityKitContent */; };
		34A57CCB2B94936F0021F5A6 /* SparkApp.swift in Sources */ = {isa = PBXBuildFile; fileRef = 34A57CCA2B94936F0021F5A6 /* SparkApp.swift */; };
		34A57CCD2B94936F0021F5A6 /* ContentView.swift in Sources */ = {isa = PBXBuildFile; fileRef = 34A57CCC2B94936F0021F5A6 /* ContentView.swift */; };
		34A57CCF2B94936F0021F5A6 /* ImmersiveView.swift in Sources */ = {isa = PBXBuildFile; fileRef = 34A57CCE2B94936F0021F5A6 /* ImmersiveView.swift */; };
		34A57CD12B94936F0021F5A6 /* ImageBasedLighting.skybox in Resources */ = {isa = PBXBuildFile; fileRef = 34A57CD02B94936F0021F5A6 /* ImageBasedLighting.skybox */; };
		34A57CD32B9493700021F5A6 /* Assets.xcassets in Resources */ = {isa = PBXBuildFile; fileRef = 34A57CD22B9493700021F5A6 /* Assets.xcassets */; };
		34A57CD62B9493700021F5A6 /* Preview Assets.xcassets in Resources */ = {isa = PBXBuildFile; fileRef = 34A57CD52B9493700021F5A6 /* Preview Assets.xcassets */; };
		34A57CE12B9493710021F5A6 /* SparkTests.swift in Sources */ = {isa = PBXBuildFile; fileRef = 34A57CE02B9493710021F5A6 /* SparkTests.swift */; };
/* End PBXBuildFile section */

/* Begin PBXContainerItemProxy section */
		34A57CDD2B9493710021F5A6 /* PBXContainerItemProxy */ = {
			isa = PBXContainerItemProxy;
			containerPortal = 34A57CBB2B94936F0021F5A6 /* Project object */;
			proxyType = 1;
			remoteGlobalIDString = 34A57CC22B94936F0021F5A6;
			remoteInfo = Spark;
		};
/* End PBXContainerItemProxy section */

/* Begin PBXFileReference section */
		34A57CC32B94936F0021F5A6 /* Spark.app */ = {isa = PBXFileReference; explicitFileType = wrapper.application; includeInIndex = 0; path = Spark.app; sourceTree = BUILT_PRODUCTS_DIR; };
		34A57CC72B94936F0021F5A6 /* RealityKitContent */ = {isa = PBXFileReference; lastKnownFileType = wrapper; path = RealityKitContent; sourceTree = "<group>"; };
		34A57CCA2B94936F0021F5A6 /* SparkApp.swift */ = {isa = PBXFileReference; lastKnownFileType = sourcecode.swift; path = SparkApp.swift; sourceTree = "<group>"; };
		34A57CCC2B94936F0021F5A6 /* ContentView.swift */ = {isa = PBXFileReference; lastKnownFileType = sourcecode.swift; path = ContentView.swift; sourceTree = "<group>"; };
		34A57CCE2B94936F0021F5A6 /* ImmersiveView.swift */ = {isa = PBXFileReference; lastKnownFileType = sourcecode.swift; path = ImmersiveView.swift; sourceTree = "<group>"; };
		34A57CD02B94936F0021F5A6 /* ImageBasedLighting.skybox */ = {isa = PBXFileReference; lastKnownFileType = file.skybox; path = ImageBasedLighting.skybox; sourceTree = "<group>"; };
		34A57CD22B9493700021F5A6 /* Assets.xcassets */ = {isa = PBXFileReference; lastKnownFileType = folder.assetcatalog; path = Assets.xcassets; sourceTree = "<group>"; };
		34A57CD52B9493700021F5A6 /* Preview Assets.xcassets */ = {isa = PBXFileReference; lastKnownFileType = folder.assetcatalog; path = "Preview Assets.xcassets"; sourceTree = "<group>"; };
		34A57CD72B9493700021F5A6 /* Info.plist */ = {isa = PBXFileReference; lastKnownFileType = text.plist.xml; path = Info.plist; sourceTree = "<group>"; };
		34A57CDC2B9493710021F5A6 /* SparkTests.xctest */ = {isa = PBXFileReference; explicitFileType = wrapper.cfbundle; includeInIndex = 0; path = SparkTests.xctest; sourceTree = BUILT_PRODUCTS_DIR; };
		34A57CE02B9493710021F5A6 /* SparkTests.swift */ = {isa = PBXFileReference; lastKnownFileType = sourcecode.swift; path = SparkTests.swift; sourceTree = "<group>"; };
/* End PBXFileReference section */

/* Begin PBXFrameworksBuildPhase section */
		34A57CC02B94936F0021F5A6 /* Frameworks */ = {
			isa = PBXFrameworksBuildPhase;
			buildActionMask = 2147483647;
			files = (
				34A57CC92B94936F0021F5A6 /* RealityKitContent in Frameworks */,
			);
			runOnlyForDeploymentPostprocessing = 0;
		};
		34A57CD92B9493710021F5A6 /* Frameworks */ = {
			isa = PBXFrameworksBuildPhase;
			buildActionMask = 2147483647;
			files = (
			);
			runOnlyForDeploymentPostprocessing = 0;
		};
/* End PBXFrameworksBuildPhase section */

/* Begin PBXGroup section */
		34A57CBA2B94936F0021F5A6 = {
			isa = PBXGroup;
			children = (
				34A57CC52B94936F0021F5A6 /* Spark */,
				34A57CC62B94936F0021F5A6 /* Packages */,
				34A57CDF2B9493710021F5A6 /* SparkTests */,
				34A57CC42B94936F0021F5A6 /* Products */,
			);
			sourceTree = "<group>";
		};
		34A57CC42B94936F0021F5A6 /* Products */ = {
			isa = PBXGroup;
			children = (
				34A57CC32B94936F0021F5A6 /* Spark.app */,
				34A57CDC2B9493710021F5A6 /* SparkTests.xctest */,
			);
			name = Products;
			sourceTree = "<group>";
		};
		34A57CC52B94936F0021F5A6 /* Spark */ = {
			isa = PBXGroup;
			children = (
				34A57CCA2B94936F0021F5A6 /* SparkApp.swift */,
				34A57CCC2B94936F0021F5A6 /* ContentView.swift */,
				34A57CCE2B94936F0021F5A6 /* ImmersiveView.swift */,
				34A57CD02B94936F0021F5A6 /* ImageBasedLighting.skybox */,
				34A57CD22B9493700021F5A6 /* Assets.xcassets */,
				34A57CD72B9493700021F5A6 /* Info.plist */,
				34A57CD42B9493700021F5A6 /* Preview Content */,
			);
			path = Spark;
			sourceTree = "<group>";
		};
		34A57CC62B94936F0021F5A6 /* Packages */ = {
			isa = PBXGroup;
			children = (
				34A57CC72B94936F0021F5A6 /* RealityKitContent */,
			);
			path = Packages;
			sourceTree = "<group>";
		};
		34A57CD42B9493700021F5A6 /* Preview Content */ = {
			isa = PBXGroup;
			children = (
				34A57CD52B9493700021F5A6 /* Preview Assets.xcassets */,
			);
			path = "Preview Content";
			sourceTree = "<group>";
		};
		34A57CDF2B9493710021F5A6 /* SparkTests */ = {
			isa = PBXGroup;
			children = (
				34A57CE02B9493710021F5A6 /* SparkTests.swift */,
			);
			path = SparkTests;
			sourceTree = "<group>";
		};
/* End PBXGroup section */

/* Begin PBXNativeTarget section */
		34A57CC22B94936F0021F5A6 /* Spark */ = {
			isa = PBXNativeTarget;
			buildConfigurationList = 34A57CE42B9493710021F5A6 /* Build configuration list for PBXNativeTarget "Spark" */;
			buildPhases = (
				34A57CBF2B94936F0021F5A6 /* Sources */,
				34A57CC02B94936F0021F5A6 /* Frameworks */,
				34A57CC12B94936F0021F5A6 /* Resources */,
			);
			buildRules = (
			);
			dependencies = (
			);
			name = Spark;
			packageProductDependencies = (
				34A57CC82B94936F0021F5A6 /* RealityKitContent */,
			);
			productName = Spark;
			productReference = 34A57CC32B94936F0021F5A6 /* Spark.app */;
			productType = "com.apple.product-type.application";
		};
		34A57CDB2B9493710021F5A6 /* SparkTests */ = {
			isa = PBXNativeTarget;
			buildConfigurationList = 34A57CE72B9493710021F5A6 /* Build configuration list for PBXNativeTarget "SparkTests" */;
			buildPhases = (
				34A57CD82B9493710021F5A6 /* Sources */,
				34A57CD92B9493710021F5A6 /* Frameworks */,
				34A57CDA2B9493710021F5A6 /* Resources */,
			);
			buildRules = (
			);
			dependencies = (
				34A57CDE2B9493710021F5A6 /* PBXTargetDependency */,
			);
			name = SparkTests;
			productName = SparkTests;
			productReference = 34A57CDC2B9493710021F5A6 /* SparkTests.xctest */;
			productType = "com.apple.product-type.bundle.unit-test";
		};
/* End PBXNativeTarget section */

/* Begin PBXProject section */
		34A57CBB2B94936F0021F5A6 /* Project object */ = {
			isa = PBXProject;
			attributes = {
				BuildIndependentTargetsInParallel = 1;
				LastSwiftUpdateCheck = 1520;
				LastUpgradeCheck = 1520;
				TargetAttributes = {
					34A57CC22B94936F0021F5A6 = {
						CreatedOnToolsVersion = 15.2;
					};
					34A57CDB2B9493710021F5A6 = {
						CreatedOnToolsVersion = 15.2;
						TestTargetID = 34A57CC22B94936F0021F5A6;
					};
				};
			};
			buildConfigurationList = 34A57CBE2B94936F0021F5A6 /* Build configuration list for PBXProject "Spark" */;
			compatibilityVersion = "Xcode 14.0";
			developmentRegion = en;
			hasScannedForEncodings = 0;
			knownRegions = (
				en,
				Base,
			);
			mainGroup = 34A57CBA2B94936F0021F5A6;
			productRefGroup = 34A57CC42B94936F0021F5A6 /* Products */;
			projectDirPath = "";
			projectRoot = "";
			targets = (
				34A57CC22B94936F0021F5A6 /* Spark */,
				34A57CDB2B9493710021F5A6 /* SparkTests */,
			);
		};
/* End PBXProject section */

/* Begin PBXResourcesBuildPhase section */
		34A57CC12B94936F0021F5A6 /* Resources */ = {
			isa = PBXResourcesBuildPhase;
			buildActionMask = 2147483647;
			files = (
				34A57CD32B9493700021F5A6 /* Assets.xcassets in Resources */,
				34A57CD62B9493700021F5A6 /* Preview Assets.xcassets in Resources */,
				34A57CD12B94936F0021F5A6 /* ImageBasedLighting.skybox in Resources */,
			);
			runOnlyForDeploymentPostprocessing = 0;
		};
		34A57CDA2B9493710021F5A6 /* Resources */ = {
			isa = PBXResourcesBuildPhase;
			buildActionMask = 2147483647;
			files = (
			);
			runOnlyForDeploymentPostprocessing = 0;
		};
/* End PBXResourcesBuildPhase section */

/* Begin PBXSourcesBuildPhase section */
		34A57CBF2B94936F0021F5A6 /* Sources */ = {
			isa = PBXSourcesBuildPhase;
			buildActionMask = 2147483647;
			files = (
				34A57CCD2B94936F0021F5A6 /* ContentView.swift in Sources */,
				34A57CCB2B94936F0021F5A6 /* SparkApp.swift in Sources */,
				34A57CCF2B94936F0021F5A6 /* ImmersiveView.swift in Sources */,
			);
			runOnlyForDeploymentPostprocessing = 0;
		};
		34A57CD82B9493710021F5A6 /* Sources */ = {
			isa = PBXSourcesBuildPhase;
			buildActionMask = 2147483647;
			files = (
				34A57CE12B9493710021F5A6 /* SparkTests.swift in Sources */,
			);
			runOnlyForDeploymentPostprocessing = 0;
		};
/* End PBXSourcesBuildPhase section */

/* Begin PBXTargetDependency section */
		34A57CDE2B9493710021F5A6 /* PBXTargetDependency */ = {
			isa = PBXTargetDependency;
			target = 34A57CC22B94936F0021F5A6 /* Spark */;
			targetProxy = 34A57CDD2B9493710021F5A6 /* PBXContainerItemProxy */;
		};
/* End PBXTargetDependency section */

/* Begin XCBuildConfiguration section */
		34A57CE22B9493710021F5A6 /* Debug */ = {
			isa = XCBuildConfiguration;
			buildSettings = {
				ALWAYS_SEARCH_USER_PATHS = NO;
				ASSETCATALOG_COMPILER_GENERATE_SWIFT_ASSET_SYMBOL_EXTENSIONS = YES;
				CLANG_ANALYZER_NONNULL = YES;
				CLANG_ANALYZER_NUMBER_OBJECT_CONVERSION = YES_AGGRESSIVE;
				CLANG_CXX_LANGUAGE_STANDARD = "gnu++20";
				CLANG_ENABLE_MODULES = YES;
				CLANG_ENABLE_OBJC_ARC = YES;
				CLANG_ENABLE_OBJC_WEAK = YES;
				CLANG_WARN_BLOCK_CAPTURE_AUTORELEASING = YES;
				CLANG_WARN_BOOL_CONVERSION = YES;
				CLANG_WARN_COMMA = YES;
				CLANG_WARN_CONSTANT_CONVERSION = YES;
				CLANG_WARN_DEPRECATED_OBJC_IMPLEMENTATIONS = YES;
				CLANG_WARN_DIRECT_OBJC_ISA_USAGE = YES_ERROR;
				CLANG_WARN_DOCUMENTATION_COMMENTS = YES;
				CLANG_WARN_EMPTY_BODY = YES;
				CLANG_WARN_ENUM_CONVERSION = YES;
				CLANG_WARN_INFINITE_RECURSION = YES;
				CLANG_WARN_INT_CONVERSION = YES;
				CLANG_WARN_NON_LITERAL_NULL_CONVERSION = YES;
				CLANG_WARN_OBJC_IMPLICIT_RETAIN_SELF = YES;
				CLANG_WARN_OBJC_LITERAL_CONVERSION = YES;
				CLANG_WARN_OBJC_ROOT_CLASS = YES_ERROR;
				CLANG_WARN_QUOTED_INCLUDE_IN_FRAMEWORK_HEADER = YES;
				CLANG_WARN_RANGE_LOOP_ANALYSIS = YES;
				CLANG_WARN_STRICT_PROTOTYPES = YES;
				CLANG_WARN_SUSPICIOUS_MOVE = YES;
				CLANG_WARN_UNGUARDED_AVAILABILITY = YES_AGGRESSIVE;
				CLANG_WARN_UNREACHABLE_CODE = YES;
				CLANG_WARN__DUPLICATE_METHOD_MATCH = YES;
				COPY_PHASE_STRIP = NO;
				DEBUG_INFORMATION_FORMAT = dwarf;
				ENABLE_STRICT_OBJC_MSGSEND = YES;
				ENABLE_TESTABILITY = YES;
				ENABLE_USER_SCRIPT_SANDBOXING = YES;
				GCC_C_LANGUAGE_STANDARD = gnu17;
				GCC_DYNAMIC_NO_PIC = NO;
				GCC_NO_COMMON_BLOCKS = YES;
				GCC_OPTIMIZATION_LEVEL = 0;
				GCC_PREPROCESSOR_DEFINITIONS = (
					"DEBUG=1",
					"$(inherited)",
				);
				GCC_WARN_64_TO_32_BIT_CONVERSION = YES;
				GCC_WARN_ABOUT_RETURN_TYPE = YES_ERROR;
				GCC_WARN_UNDECLARED_SELECTOR = YES;
				GCC_WARN_UNINITIALIZED_AUTOS = YES_AGGRESSIVE;
				GCC_WARN_UNUSED_FUNCTION = YES;
				GCC_WARN_UNUSED_VARIABLE = YES;
				LOCALIZATION_PREFERS_STRING_CATALOGS = YES;
				MTL_ENABLE_DEBUG_INFO = INCLUDE_SOURCE;
				MTL_FAST_MATH = YES;
				ONLY_ACTIVE_ARCH = YES;
				SDKROOT = xros;
				SWIFT_ACTIVE_COMPILATION_CONDITIONS = "DEBUG $(inherited)";
				SWIFT_OPTIMIZATION_LEVEL = "-Onone";
				XROS_DEPLOYMENT_TARGET = 1.0;
			};
			name = Debug;
		};
		34A57CE32B9493710021F5A6 /* Release */ = {
			isa = XCBuildConfiguration;
			buildSettings = {
				ALWAYS_SEARCH_USER_PATHS = NO;
				ASSETCATALOG_COMPILER_GENERATE_SWIFT_ASSET_SYMBOL_EXTENSIONS = YES;
				CLANG_ANALYZER_NONNULL = YES;
				CLANG_ANALYZER_NUMBER_OBJECT_CONVERSION = YES_AGGRESSIVE;
				CLANG_CXX_LANGUAGE_STANDARD = "gnu++20";
				CLANG_ENABLE_MODULES = YES;
				CLANG_ENABLE_OBJC_ARC = YES;
				CLANG_ENABLE_OBJC_WEAK = YES;
				CLANG_WARN_BLOCK_CAPTURE_AUTORELEASING = YES;
				CLANG_WARN_BOOL_CONVERSION = YES;
				CLANG_WARN_COMMA = YES;
				CLANG_WARN_CONSTANT_CONVERSION = YES;
				CLANG_WARN_DEPRECATED_OBJC_IMPLEMENTATIONS = YES;
				CLANG_WARN_DIRECT_OBJC_ISA_USAGE = YES_ERROR;
				CLANG_WARN_DOCUMENTATION_COMMENTS = YES;
				CLANG_WARN_EMPTY_BODY = YES;
				CLANG_WARN_ENUM_CONVERSION = YES;
				CLANG_WARN_INFINITE_RECURSION = YES;
				CLANG_WARN_INT_CONVERSION = YES;
				CLANG_WARN_NON_LITERAL_NULL_CONVERSION = YES;
				CLANG_WARN_OBJC_IMPLICIT_RETAIN_SELF = YES;
				CLANG_WARN_OBJC_LITERAL_CONVERSION = YES;
				CLANG_WARN_OBJC_ROOT_CLASS = YES_ERROR;
				CLANG_WARN_QUOTED_INCLUDE_IN_FRAMEWORK_HEADER = YES;
				CLANG_WARN_RANGE_LOOP_ANALYSIS = YES;
				CLANG_WARN_STRICT_PROTOTYPES = YES;
				CLANG_WARN_SUSPICIOUS_MOVE = YES;
				CLANG_WARN_UNGUARDED_AVAILABILITY = YES_AGGRESSIVE;
				CLANG_WARN_UNREACHABLE_CODE = YES;
				CLANG_WARN__DUPLICATE_METHOD_MATCH = YES;
				COPY_PHASE_STRIP = NO;
				DEBUG_INFORMATION_FORMAT = "dwarf-with-dsym";
				ENABLE_NS_ASSERTIONS = NO;
				ENABLE_STRICT_OBJC_MSGSEND = YES;
				ENABLE_USER_SCRIPT_SANDBOXING = YES;
				GCC_C_LANGUAGE_STANDARD = gnu17;
				GCC_NO_COMMON_BLOCKS = YES;
				GCC_WARN_64_TO_32_BIT_CONVERSION = YES;
				GCC_WARN_ABOUT_RETURN_TYPE = YES_ERROR;
				GCC_WARN_UNDECLARED_SELECTOR = YES;
				GCC_WARN_UNINITIALIZED_AUTOS = YES_AGGRESSIVE;
				GCC_WARN_UNUSED_FUNCTION = YES;
				GCC_WARN_UNUSED_VARIABLE = YES;
				LOCALIZATION_PREFERS_STRING_CATALOGS = YES;
				MTL_ENABLE_DEBUG_INFO = NO;
				MTL_FAST_MATH = YES;
				SDKROOT = xros;
				SWIFT_COMPILATION_MODE = wholemodule;
				VALIDATE_PRODUCT = YES;
				XROS_DEPLOYMENT_TARGET = 1.0;
			};
			name = Release;
		};
		34A57CE52B9493710021F5A6 /* Debug */ = {
			isa = XCBuildConfiguration;
			buildSettings = {
				ASSETCATALOG_COMPILER_APPICON_NAME = AppIcon;
				ASSETCATALOG_COMPILER_GLOBAL_ACCENT_COLOR_NAME = AccentColor;
				CODE_SIGN_STYLE = Automatic;
				CURRENT_PROJECT_VERSION = 1;
				DEVELOPMENT_ASSET_PATHS = "\"Spark/Preview Content\"";
				ENABLE_PREVIEWS = YES;
				GENERATE_INFOPLIST_FILE = YES;
				INFOPLIST_FILE = "$(TARGET_NAME)/Info.plist";
				LD_RUNPATH_SEARCH_PATHS = (
					"$(inherited)",
					"@executable_path/Frameworks",
				);
				MARKETING_VERSION = 1.0;
				PRODUCT_BUNDLE_IDENTIFIER = keerat.Spark;
				PRODUCT_NAME = "$(TARGET_NAME)";
				SUPPORTED_PLATFORMS = "xros xrsimulator";
				SWIFT_EMIT_LOC_STRINGS = YES;
				SWIFT_VERSION = 5.0;
				TARGETED_DEVICE_FAMILY = "1,2,7";
			};
			name = Debug;
		};
		34A57CE62B9493710021F5A6 /* Release */ = {
			isa = XCBuildConfiguration;
			buildSettings = {
				ASSETCATALOG_COMPILER_APPICON_NAME = AppIcon;
				ASSETCATALOG_COMPILER_GLOBAL_ACCENT_COLOR_NAME = AccentColor;
				CODE_SIGN_STYLE = Automatic;
				CURRENT_PROJECT_VERSION = 1;
				DEVELOPMENT_ASSET_PATHS = "\"Spark/Preview Content\"";
				ENABLE_PREVIEWS = YES;
				GENERATE_INFOPLIST_FILE = YES;
				INFOPLIST_FILE = "$(TARGET_NAME)/Info.plist";
				LD_RUNPATH_SEARCH_PATHS = (
					"$(inherited)",
					"@executable_path/Frameworks",
				);
				MARKETING_VERSION = 1.0;
				PRODUCT_BUNDLE_IDENTIFIER = keerat.Spark;
				PRODUCT_NAME = "$(TARGET_NAME)";
				SUPPORTED_PLATFORMS = "xros xrsimulator";
				SWIFT_EMIT_LOC_STRINGS = YES;
				SWIFT_VERSION = 5.0;
				TARGETED_DEVICE_FAMILY = "1,2,7";
			};
			name = Release;
		};
		34A57CE82B9493710021F5A6 /* Debug */ = {
			isa = XCBuildConfiguration;
			buildSettings = {
				ALWAYS_EMBED_SWIFT_STANDARD_LIBRARIES = YES;
				BUNDLE_LOADER = "$(TEST_HOST)";
				CODE_SIGN_STYLE = Automatic;
				CURRENT_PROJECT_VERSION = 1;
				GENERATE_INFOPLIST_FILE = YES;
				MARKETING_VERSION = 1.0;
				PRODUCT_BUNDLE_IDENTIFIER = keerat.SparkTests;
				PRODUCT_NAME = "$(TARGET_NAME)";
				SUPPORTED_PLATFORMS = "xros xrsimulator";
				SWIFT_EMIT_LOC_STRINGS = NO;
				SWIFT_VERSION = 5.0;
				TARGETED_DEVICE_FAMILY = "1,2,7";
				TEST_HOST = "$(BUILT_PRODUCTS_DIR)/Spark.app/$(BUNDLE_EXECUTABLE_FOLDER_PATH)/Spark";
				XROS_DEPLOYMENT_TARGET = 1.0;
			};
			name = Debug;
		};
		34A57CE92B9493710021F5A6 /* Release */ = {
			isa = XCBuildConfiguration;
			buildSettings = {
				ALWAYS_EMBED_SWIFT_STANDARD_LIBRARIES = YES;
				BUNDLE_LOADER = "$(TEST_HOST)";
				CODE_SIGN_STYLE = Automatic;
				CURRENT_PROJECT_VERSION = 1;
				GENERATE_INFOPLIST_FILE = YES;
				MARKETING_VERSION = 1.0;
				PRODUCT_BUNDLE_IDENTIFIER = keerat.SparkTests;
				PRODUCT_NAME = "$(TARGET_NAME)";
				SUPPORTED_PLATFORMS = "xros xrsimulator";
				SWIFT_EMIT_LOC_STRINGS = NO;
				SWIFT_VERSION = 5.0;
				TARGETED_DEVICE_FAMILY = "1,2,7";
				TEST_HOST = "$(BUILT_PRODUCTS_DIR)/Spark.app/$(BUNDLE_EXECUTABLE_FOLDER_PATH)/Spark";
				XROS_DEPLOYMENT_TARGET = 1.0;
			};
			name = Release;
		};
/* End XCBuildConfiguration section */

/* Begin XCConfigurationList section */
		34A57CBE2B94936F0021F5A6 /* Build configuration list for PBXProject "Spark" */ = {
			isa = XCConfigurationList;
			buildConfigurations = (
				34A57CE22B9493710021F5A6 /* Debug */,
				34A57CE32B9493710021F5A6 /* Release */,
			);
			defaultConfigurationIsVisible = 0;
			defaultConfigurationName = Release;
		};
		34A57CE42B9493710021F5A6 /* Build configuration list for PBXNativeTarget "Spark" */ = {
			isa = XCConfigurationList;
			buildConfigurations = (
				34A57CE52B9493710021F5A6 /* Debug */,
				34A57CE62B9493710021F5A6 /* Release */,
			);
			defaultConfigurationIsVisible = 0;
			defaultConfigurationName = Release;
		};
		34A57CE72B9493710021F5A6 /* Build configuration list for PBXNativeTarget "SparkTests" */ = {
			isa = XCConfigurationList;
			buildConfigurations = (
				34A57CE82B9493710021F5A6 /* Debug */,
				34A57CE92B9493710021F5A6 /* Release */,
			);
			defaultConfigurationIsVisible = 0;
			defaultConfigurationName = Release;
		};
/* End XCConfigurationList section */

/* Begin XCSwiftPackageProductDependency section */
		34A57CC82B94936F0021F5A6 /* RealityKitContent */ = {
			isa = XCSwiftPackageProductDependency;
			productName = RealityKitContent;
		};
/* End XCSwiftPackageProductDependency section */
	};
	rootObject = 34A57CBB2B94936F0021F5A6 /* Project object */;
}
